<?xml version="1.0" encoding="utf-8"?>
<Project ToolsVersion="4.0" xmlns="http://schemas.microsoft.com/developer/msbuild/2003">
  <ItemGroup>
    <Filter Include="Hack">
      <UniqueIdentifier>{bdc3675b-7244-47ee-ad9c-16ebf3e208a4}</UniqueIdentifier>
    </Filter>
    <Filter Include="Minimal-D3D12-Hook-ImGui">
      <UniqueIdentifier>{6c5a8d1c-cd41-4bd1-8ab0-287d8c387481}</UniqueIdentifier>
    </Filter>
    <Filter Include="Minimal-D3D12-Hook-ImGui\MinHook">
      <UniqueIdentifier>{034c56ff-53c6-4936-bbc8-1210340356cc}</UniqueIdentifier>
    </Filter>
    <Filter Include="Minimal-D3D12-Hook-ImGui\MinHook\include">
      <UniqueIdentifier>{295caf9b-fc9c-444f-bb73-892175173d56}</UniqueIdentifier>
    </Filter>
    <Filter Include="Minimal-D3D12-Hook-ImGui\Main">
      <UniqueIdentifier>{22b1f663-023f-4cd1-8db3-02b3f8e45d4d}</UniqueIdentifier>
    </Filter>
    <Filter Include="Minimal-D3D12-Hook-ImGui\ImGui">
      <UniqueIdentifier>{c84407d1-323e-40c2-9e52-b854c31948db}</UniqueIdentifier>
    </Filter>
    <Filter Include="Minimal-D3D12-Hook-ImGui\Font">
      <UniqueIdentifier>{aea9f23c-3fab-4928-908e-6ec659feb7ef}</UniqueIdentifier>
    </Filter>
  </ItemGroup>
  <ItemGroup>
    <ClInclude Include="Hack\ESP.h">
      <Filter>Hack</Filter>
    </ClInclude>
    <ClInclude Include="Hack\Configs.h">
      <Filter>Hack</Filter>
    </ClInclude>
    <ClInclude Include="Hack\DrawESP.h">
      <Filter>Hack</Filter>
    </ClInclude>
    <ClInclude Include="Hack\DrawImGui.h">
      <Filter>Hack</Filter>
    </ClInclude>
    <ClInclude Include="Hack\SDK_Headers.hpp">
      <Filter>Hack</Filter>
    </ClInclude>
    <ClInclude Include="Hack\DisplayInfo.h">
      <Filter>Hack</Filter>
    </ClInclude>
    <ClInclude Include="Hack\Util.h">
      <Filter>Hack</Filter>
    </ClInclude>
    <ClInclude Include="Hack\GuiStyle.h">
      <Filter>Hack</Filter>
    </ClInclude>
    <ClInclude Include="Minimal-D3D12-Hook-ImGui\MinHook\include\MinHook.h">
      <Filter>Minimal-D3D12-Hook-ImGui\MinHook\include</Filter>
    </ClInclude>
    <ClInclude Include="Minimal-D3D12-Hook-ImGui\Main\mdx12_api.h">
      <Filter>Minimal-D3D12-Hook-ImGui\Main</Filter>
    </ClInclude>
    <ClInclude Include="Minimal-D3D12-Hook-ImGui\ImGui\imconfig.h">
      <Filter>Minimal-D3D12-Hook-ImGui\ImGui</Filter>
    </ClInclude>
    <ClInclude Include="Minimal-D3D12-Hook-ImGui\ImGui\imgui.h">
      <Filter>Minimal-D3D12-Hook-ImGui\ImGui</Filter>
    </ClInclude>
    <ClInclude Include="Minimal-D3D12-Hook-ImGui\ImGui\imgui_impl_dx12.h">
      <Filter>Minimal-D3D12-Hook-ImGui\ImGui</Filter>
    </ClInclude>
    <ClInclude Include="Minimal-D3D12-Hook-ImGui\ImGui\imgui_impl_win32.h">
      <Filter>Minimal-D3D12-Hook-ImGui\ImGui</Filter>
    </ClInclude>
    <ClInclude Include="Minimal-D3D12-Hook-ImGui\ImGui\imgui_internal.h">
      <Filter>Minimal-D3D12-Hook-ImGui\ImGui</Filter>
    </ClInclude>
    <ClInclude Include="Minimal-D3D12-Hook-ImGui\ImGui\imstb_rectpack.h">
      <Filter>Minimal-D3D12-Hook-ImGui\ImGui</Filter>
    </ClInclude>
    <ClInclude Include="Minimal-D3D12-Hook-ImGui\ImGui\imstb_textedit.h">
      <Filter>Minimal-D3D12-Hook-ImGui\ImGui</Filter>
    </ClInclude>
    <ClInclude Include="Minimal-D3D12-Hook-ImGui\ImGui\imstb_truetype.h">
      <Filter>Minimal-D3D12-Hook-ImGui\ImGui</Filter>
    </ClInclude>
    <ClInclude Include="Minimal-D3D12-Hook-ImGui\Font\Alibaba-PuHuiTi-Medium.h">
      <Filter>Minimal-D3D12-Hook-ImGui\Font</Filter>
    </ClInclude>
  </ItemGroup>
  <ItemGroup>
    <ClCompile Include="Hack\dllmain.cpp">
      <Filter>Hack</Filter>
    </ClCompile>
    <ClCompile Include="Hack\ESP.cpp">
      <Filter>Hack</Filter>
    </ClCompile>
    <ClCompile Include="Hack\DrawESP.cpp">
      <Filter>Hack</Filter>
    </ClCompile>
    <ClCompile Include="Hack\DrawImGui.cpp">
      <Filter>Hack</Filter>
    </ClCompile>
    <ClCompile Include="Hack\SDK_Impl.cpp">
      <Filter>Hack</Filter>
    </ClCompile>
    <ClCompile Include="Minimal-D3D12-Hook-ImGui\Main\hook.cpp">
      <Filter>Minimal-D3D12-Hook-ImGui\Main</Filter>
    </ClCompile>
    <ClCompile Include="Minimal-D3D12-Hook-ImGui\Main\input.cpp">
      <Filter>Minimal-D3D12-Hook-ImGui\Main</Filter>
    </ClCompile>
    <ClCompile Include="Minimal-D3D12-Hook-ImGui\Main\mdx12_globals.cpp">
      <Filter>Minimal-D3D12-Hook-ImGui\Main</Filter>
    </ClCompile>
    <ClCompile Include="Minimal-D3D12-Hook-ImGui\Main\mdx12_libs.cpp">
      <Filter>Minimal-D3D12-Hook-ImGui\Main</Filter>
    </ClCompile>
    <ClCompile Include="Minimal-D3D12-Hook-ImGui\Main\render.cpp">
      <Filter>Minimal-D3D12-Hook-ImGui\Main</Filter>
    </ClCompile>
    <ClCompile Include="Minimal-D3D12-Hook-ImGui\Main\setup_imgui.cpp">
      <Filter>Minimal-D3D12-Hook-ImGui\Main</Filter>
    </ClCompile>
    <ClCompile Include="Minimal-D3D12-Hook-ImGui\ImGui\imgui.cpp">
      <Filter>Minimal-D3D12-Hook-ImGui\ImGui</Filter>
    </ClCompile>
    <ClCompile Include="Minimal-D3D12-Hook-ImGui\ImGui\imgui_demo.cpp">
      <Filter>Minimal-D3D12-Hook-ImGui\ImGui</Filter>
    </ClCompile>
    <ClCompile Include="Minimal-D3D12-Hook-ImGui\ImGui\imgui_draw.cpp">
      <Filter>Minimal-D3D12-Hook-ImGui\ImGui</Filter>
    </ClCompile>
    <ClCompile Include="Minimal-D3D12-Hook-ImGui\ImGui\imgui_impl_dx12.cpp">
      <Filter>Minimal-D3D12-Hook-ImGui\ImGui</Filter>
    </ClCompile>
    <ClCompile Include="Minimal-D3D12-Hook-ImGui\ImGui\imgui_impl_win32.cpp">
      <Filter>Minimal-D3D12-Hook-ImGui\ImGui</Filter>
    </ClCompile>
    <ClCompile Include="Minimal-D3D12-Hook-ImGui\ImGui\imgui_tables.cpp">
      <Filter>Minimal-D3D12-Hook-ImGui\ImGui</Filter>
    </ClCompile>
    <ClCompile Include="Minimal-D3D12-Hook-ImGui\ImGui\imgui_widgets.cpp">
      <Filter>Minimal-D3D12-Hook-ImGui\ImGui</Filter>
    </ClCompile>
  </ItemGroup>
  <ItemGroup>
    <Text Include="Minimal-D3D12-Hook-ImGui\ImGui\LICENSE.txt">
      <Filter>Minimal-D3D12-Hook-ImGui\ImGui</Filter>
    </Text>
  </ItemGroup>
</Project>